
Microsoft Visual Studio Solution File, Format Version 12.00
# Visual Studio Version 17
VisualStudioVersion = 17.3.32901.215
MinimumVisualStudioVersion = 10.0.40219.1
Project("{FAE04EC0-301F-11D3-BF4B-00C04F79EFBC}") = "CrudMVC", "CrudMVC.csproj", "{1994A98B-63B7-406D-BFFD-D3229A34A2B7}"
EndProject
Global
	GlobalSection(SolutionConfigurationPlatforms) = preSolution
		Debug|Any CPU = Debug|Any CPU
		Release|Any CPU = Release|Any CPU
	EndGlobalSection
	GlobalSection(ProjectConfigurationPlatforms) = postSolution
		{1994A98B-63B7-406D-BFFD-D3229A34A2B7}.Debug|Any CPU.ActiveCfg = Debug|Any CPU
		{1994A98B-63B7-406D-BFFD-D3229A34A2B7}.Debug|Any CPU.Build.0 = Debug|Any CPU
		{1994A98B-63B7-406D-BFFD-D3229A34A2B7}.Release|Any CPU.ActiveCfg = Release|Any CPU
		{1994A98B-63B7-406D-BFFD-D3229A34A2B7}.Release|Any CPU.Build.0 = Release|Any CPU
	EndGlobalSection
	GlobalSection(SolutionProperties) = preSolution
		HideSolutionNode = FALSE
	EndGlobalSection
	GlobalSection(ExtensibilityGlobals) = postSolution
		SolutionGuid = {8B8585F4-2D72-46C5-8DF7-60C222D1310D}
	EndGlobalSection
EndGlobal
